
Microsoft Visual Studio Solution File, Format Version 12.00
# Visual Studio 15
VisualStudioVersion = 15.0.27703.2042
MinimumVisualStudioVersion = 10.0.40219.1
Project("{8BC9CEB8-8B4A-11D0-8D11-00A0C91BC942}") = "Project1", "Project1\Project1.vcxproj", "{CFBC563D-D7BB-4331-B333-9D5CB8414CD4}"
EndProject
Global
	GlobalSection(SolutionConfigurationPlatforms) = preSolution
		Debug|x64 = Debug|x64
		Debug|x86 = Debug|x86
		Release|x64 = Release|x64
		Release|x86 = Release|x86
	EndGlobalSection
	GlobalSection(ProjectConfigurationPlatforms) = postSolution
		{CFBC563D-D7BB-4331-B333-9D5CB8414CD4}.Debug|x64.ActiveCfg = Debug|x64
		{CFBC563D-D7BB-4331-B333-9D5CB8414CD4}.Debug|x64.Build.0 = Debug|x64
		{CFBC563D-D7BB-4331-B333-9D5CB8414CD4}.Debug|x86.ActiveCfg = Debug|Win32
		{CFBC563D-D7BB-4331-B333-9D5CB8414CD4}.Debug|x86.Build.0 = Debug|Win32
		{CFBC563D-D7BB-4331-B333-9D5CB8414CD4}.Release|x64.ActiveCfg = Release|x64
		{CFBC563D-D7BB-4331-B333-9D5CB8414CD4}.Release|x64.Build.0 = Release|x64
		{CFBC563D-D7BB-4331-B333-9D5CB8414CD4}.Release|x86.ActiveCfg = Release|Win32
		{CFBC563D-D7BB-4331-B333-9D5CB8414CD4}.Release|x86.Build.0 = Release|Win32
	EndGlobalSection
	GlobalSection(SolutionProperties) = preSolution
		HideSolutionNode = FALSE
	EndGlobalSection
	GlobalSection(ExtensibilityGlobals) = postSolution
		SolutionGuid = {1A47A324-C0C5-43CC-99D6-5F9FD06D7D49}
	EndGlobalSection
EndGlobal
